
Microsoft Visual Studio Solution File, Format Version 12.00
# Visual Studio Version 17
VisualStudioVersion = 17.8.34525.116
MinimumVisualStudioVersion = 10.0.40219.1
Project("{9A19103F-16F7-4668-BE54-9A1E7A4F7556}") = "Ensek.Api", "Ensek.Api\Ensek.Api.csproj", "{2A807AC8-450D-4A8A-AC5B-27BDD8AAF44A}"
EndProject
Project("{9A19103F-16F7-4668-BE54-9A1E7A4F7556}") = "Ensek.Meters.Domain", "Ensek.Meters.Domain\Ensek.Meters.Domain.csproj", "{AA30CC0A-FEDE-4DA4-91D0-850B3F780FE7}"
EndProject
Project("{9A19103F-16F7-4668-BE54-9A1E7A4F7556}") = "Ensek.Api.Contracts", "Ensek.Api.Contracts\Ensek.Api.Contracts.csproj", "{1A3AE894-3B53-4F1B-965F-F6596BC50193}"
EndProject
Project("{9A19103F-16F7-4668-BE54-9A1E7A4F7556}") = "Ensek.Meters.Data", "Ensek.Meters.Data\Ensek.Meters.Data.csproj", "{3250D8B1-4948-42B1-8378-3A123ADC0A43}"
EndProject
Project("{2150E333-8FDC-42A3-9474-1A3956D46DE8}") = "src", "src", "{4CA89B3F-0C68-41C2-B58D-D0ACB2F22FC1}"
EndProject
Project("{2150E333-8FDC-42A3-9474-1A3956D46DE8}") = "tests", "tests", "{E1B540BA-5CD1-416D-8926-50272ED8191A}"
EndProject
Project("{FAE04EC0-301F-11D3-BF4B-00C04F79EFBC}") = "Ensek.UnitTests", "Ensek.UnitTests\Ensek.UnitTests.csproj", "{BA2CAB29-F86A-49A5-81B7-4D6B4542CB8C}"
EndProject
Global
	GlobalSection(SolutionConfigurationPlatforms) = preSolution
		Debug|Any CPU = Debug|Any CPU
		Release|Any CPU = Release|Any CPU
	EndGlobalSection
	GlobalSection(ProjectConfigurationPlatforms) = postSolution
		{2A807AC8-450D-4A8A-AC5B-27BDD8AAF44A}.Debug|Any CPU.ActiveCfg = Debug|Any CPU
		{2A807AC8-450D-4A8A-AC5B-27BDD8AAF44A}.Debug|Any CPU.Build.0 = Debug|Any CPU
		{2A807AC8-450D-4A8A-AC5B-27BDD8AAF44A}.Release|Any CPU.ActiveCfg = Release|Any CPU
		{2A807AC8-450D-4A8A-AC5B-27BDD8AAF44A}.Release|Any CPU.Build.0 = Release|Any CPU
		{AA30CC0A-FEDE-4DA4-91D0-850B3F780FE7}.Debug|Any CPU.ActiveCfg = Debug|Any CPU
		{AA30CC0A-FEDE-4DA4-91D0-850B3F780FE7}.Debug|Any CPU.Build.0 = Debug|Any CPU
		{AA30CC0A-FEDE-4DA4-91D0-850B3F780FE7}.Release|Any CPU.ActiveCfg = Release|Any CPU
		{AA30CC0A-FEDE-4DA4-91D0-850B3F780FE7}.Release|Any CPU.Build.0 = Release|Any CPU
		{1A3AE894-3B53-4F1B-965F-F6596BC50193}.Debug|Any CPU.ActiveCfg = Debug|Any CPU
		{1A3AE894-3B53-4F1B-965F-F6596BC50193}.Debug|Any CPU.Build.0 = Debug|Any CPU
		{1A3AE894-3B53-4F1B-965F-F6596BC50193}.Release|Any CPU.ActiveCfg = Release|Any CPU
		{1A3AE894-3B53-4F1B-965F-F6596BC50193}.Release|Any CPU.Build.0 = Release|Any CPU
		{3250D8B1-4948-42B1-8378-3A123ADC0A43}.Debug|Any CPU.ActiveCfg = Debug|Any CPU
		{3250D8B1-4948-42B1-8378-3A123ADC0A43}.Debug|Any CPU.Build.0 = Debug|Any CPU
		{3250D8B1-4948-42B1-8378-3A123ADC0A43}.Release|Any CPU.ActiveCfg = Release|Any CPU
		{3250D8B1-4948-42B1-8378-3A123ADC0A43}.Release|Any CPU.Build.0 = Release|Any CPU
		{BA2CAB29-F86A-49A5-81B7-4D6B4542CB8C}.Debug|Any CPU.ActiveCfg = Debug|Any CPU
		{BA2CAB29-F86A-49A5-81B7-4D6B4542CB8C}.Debug|Any CPU.Build.0 = Debug|Any CPU
		{BA2CAB29-F86A-49A5-81B7-4D6B4542CB8C}.Release|Any CPU.ActiveCfg = Release|Any CPU
		{BA2CAB29-F86A-49A5-81B7-4D6B4542CB8C}.Release|Any CPU.Build.0 = Release|Any CPU
	EndGlobalSection
	GlobalSection(SolutionProperties) = preSolution
		HideSolutionNode = FALSE
	EndGlobalSection
	GlobalSection(NestedProjects) = preSolution
		{2A807AC8-450D-4A8A-AC5B-27BDD8AAF44A} = {4CA89B3F-0C68-41C2-B58D-D0ACB2F22FC1}
		{AA30CC0A-FEDE-4DA4-91D0-850B3F780FE7} = {4CA89B3F-0C68-41C2-B58D-D0ACB2F22FC1}
		{1A3AE894-3B53-4F1B-965F-F6596BC50193} = {4CA89B3F-0C68-41C2-B58D-D0ACB2F22FC1}
		{3250D8B1-4948-42B1-8378-3A123ADC0A43} = {4CA89B3F-0C68-41C2-B58D-D0ACB2F22FC1}
		{BA2CAB29-F86A-49A5-81B7-4D6B4542CB8C} = {E1B540BA-5CD1-416D-8926-50272ED8191A}
	EndGlobalSection
	GlobalSection(ExtensibilityGlobals) = postSolution
		SolutionGuid = {075BF57E-B7F6-483D-BCF5-220CC4348F3F}
	EndGlobalSection
EndGlobal
